
Microsoft Visual Studio Solution File, Format Version 12.00
# Visual Studio Version 16
VisualStudioVersion = 16.0.31702.278
MinimumVisualStudioVersion = 10.0.40219.1
Project("{9A19103F-16F7-4668-BE54-9A1E7A4F7556}") = "BlazorServerApp", "BlazorServerApp\BlazorServerApp.csproj", "{E8B1B1A5-BC4A-4BF4-885F-9CBE7ED2E006}"
EndProject
Project("{9A19103F-16F7-4668-BE54-9A1E7A4F7556}") = "Persistence", "Persistence\Persistence.csproj", "{9B21FB8A-44B2-401F-B4E5-F0961E7E7422}"
EndProject
Project("{9A19103F-16F7-4668-BE54-9A1E7A4F7556}") = "Common", "Common\Common.csproj", "{53AB98BA-525D-4635-9EC7-AE6E6B443571}"
EndProject
Project("{9A19103F-16F7-4668-BE54-9A1E7A4F7556}") = "Application", "Application\Application.csproj", "{7EDCA795-C702-45E3-8BF8-68A4F4E178A6}"
EndProject
Project("{9A19103F-16F7-4668-BE54-9A1E7A4F7556}") = "API", "API\API.csproj", "{507BCECF-FE3D-4EBF-969C-6803F98AA41F}"
EndProject
Global
	GlobalSection(SolutionConfigurationPlatforms) = preSolution
		Debug|Any CPU = Debug|Any CPU
		Release|Any CPU = Release|Any CPU
	EndGlobalSection
	GlobalSection(ProjectConfigurationPlatforms) = postSolution
		{E8B1B1A5-BC4A-4BF4-885F-9CBE7ED2E006}.Debug|Any CPU.ActiveCfg = Debug|Any CPU
		{E8B1B1A5-BC4A-4BF4-885F-9CBE7ED2E006}.Debug|Any CPU.Build.0 = Debug|Any CPU
		{E8B1B1A5-BC4A-4BF4-885F-9CBE7ED2E006}.Release|Any CPU.ActiveCfg = Release|Any CPU
		{E8B1B1A5-BC4A-4BF4-885F-9CBE7ED2E006}.Release|Any CPU.Build.0 = Release|Any CPU
		{9B21FB8A-44B2-401F-B4E5-F0961E7E7422}.Debug|Any CPU.ActiveCfg = Debug|Any CPU
		{9B21FB8A-44B2-401F-B4E5-F0961E7E7422}.Debug|Any CPU.Build.0 = Debug|Any CPU
		{9B21FB8A-44B2-401F-B4E5-F0961E7E7422}.Release|Any CPU.ActiveCfg = Release|Any CPU
		{9B21FB8A-44B2-401F-B4E5-F0961E7E7422}.Release|Any CPU.Build.0 = Release|Any CPU
		{53AB98BA-525D-4635-9EC7-AE6E6B443571}.Debug|Any CPU.ActiveCfg = Debug|Any CPU
		{53AB98BA-525D-4635-9EC7-AE6E6B443571}.Debug|Any CPU.Build.0 = Debug|Any CPU
		{53AB98BA-525D-4635-9EC7-AE6E6B443571}.Release|Any CPU.ActiveCfg = Release|Any CPU
		{53AB98BA-525D-4635-9EC7-AE6E6B443571}.Release|Any CPU.Build.0 = Release|Any CPU
		{7EDCA795-C702-45E3-8BF8-68A4F4E178A6}.Debug|Any CPU.ActiveCfg = Debug|Any CPU
		{7EDCA795-C702-45E3-8BF8-68A4F4E178A6}.Debug|Any CPU.Build.0 = Debug|Any CPU
		{7EDCA795-C702-45E3-8BF8-68A4F4E178A6}.Release|Any CPU.ActiveCfg = Release|Any CPU
		{7EDCA795-C702-45E3-8BF8-68A4F4E178A6}.Release|Any CPU.Build.0 = Release|Any CPU
		{507BCECF-FE3D-4EBF-969C-6803F98AA41F}.Debug|Any CPU.ActiveCfg = Debug|Any CPU
		{507BCECF-FE3D-4EBF-969C-6803F98AA41F}.Debug|Any CPU.Build.0 = Debug|Any CPU
		{507BCECF-FE3D-4EBF-969C-6803F98AA41F}.Release|Any CPU.ActiveCfg = Release|Any CPU
		{507BCECF-FE3D-4EBF-969C-6803F98AA41F}.Release|Any CPU.Build.0 = Release|Any CPU
	EndGlobalSection
	GlobalSection(SolutionProperties) = preSolution
		HideSolutionNode = FALSE
	EndGlobalSection
	GlobalSection(ExtensibilityGlobals) = postSolution
		SolutionGuid = {1F92D8F7-0ACE-4D12-A9F1-78B1E1BA8EE9}
	EndGlobalSection
EndGlobal
